
Microsoft Visual Studio Solution File, Format Version 12.00
# Visual Studio Version 17
VisualStudioVersion = 17.0.31903.59
MinimumVisualStudioVersion = 10.0.40219.1
Project("{9A19103F-16F7-4668-BE54-9A1E7A4F7556}") = "CustomerApp", "CustomerApp\CustomerApp.csproj", "{FB7CFF9D-5D23-44B0-B76B-D61C1221A36E}"
EndProject
Project("{9A19103F-16F7-4668-BE54-9A1E7A4F7556}") = "StoreApp", "StoreApp\StoreApp.csproj", "{0CE166C2-59B3-4279-B29E-C4967B788275}"
EndProject
Project("{E53339B2-1760-4266-BCC7-CA923CBCF16C}") = "docker-compose", "docker-compose.dcproj", "{DBDBDAF4-A990-4438-AFA0-D8E210457DF6}"
EndProject
Project("{9A19103F-16F7-4668-BE54-9A1E7A4F7556}") = "CustomerAppTests", "CustomerAppTests\CustomerAppTests.csproj", "{7DFC9345-F141-4CB5-BFE7-00657A2D9319}"
EndProject
Project("{2150E333-8FDC-42A3-9474-1A3956D46DE8}") = "Supabase", "Supabase", "{B4AA283B-E305-401C-9933-F987FD5DE366}"
	ProjectSection(SolutionItems) = preProject
		supabase\docker-compose.yml = supabase\docker-compose.yml
		supabase\scripts\Schema.sql = supabase\scripts\Schema.sql
	EndProjectSection
EndProject
Project("{FAE04EC0-301F-11D3-BF4B-00C04F79EFBC}") = "SodaShared", "..\SodaShared\SodaShared.csproj", "{EB7BA82E-0BA9-4824-B964-3B258E044AF2}"
EndProject
Global
	GlobalSection(SolutionConfigurationPlatforms) = preSolution
		Debug|Any CPU = Debug|Any CPU
		Release|Any CPU = Release|Any CPU
	EndGlobalSection
	GlobalSection(ProjectConfigurationPlatforms) = postSolution
		{FB7CFF9D-5D23-44B0-B76B-D61C1221A36E}.Debug|Any CPU.ActiveCfg = Debug|Any CPU
		{FB7CFF9D-5D23-44B0-B76B-D61C1221A36E}.Debug|Any CPU.Build.0 = Debug|Any CPU
		{FB7CFF9D-5D23-44B0-B76B-D61C1221A36E}.Debug|Any CPU.Deploy.0 = Debug|Any CPU
		{FB7CFF9D-5D23-44B0-B76B-D61C1221A36E}.Release|Any CPU.ActiveCfg = Release|Any CPU
		{FB7CFF9D-5D23-44B0-B76B-D61C1221A36E}.Release|Any CPU.Build.0 = Release|Any CPU
		{FB7CFF9D-5D23-44B0-B76B-D61C1221A36E}.Release|Any CPU.Deploy.0 = Release|Any CPU
		{0CE166C2-59B3-4279-B29E-C4967B788275}.Debug|Any CPU.ActiveCfg = Debug|Any CPU
		{0CE166C2-59B3-4279-B29E-C4967B788275}.Debug|Any CPU.Build.0 = Debug|Any CPU
		{0CE166C2-59B3-4279-B29E-C4967B788275}.Release|Any CPU.ActiveCfg = Release|Any CPU
		{0CE166C2-59B3-4279-B29E-C4967B788275}.Release|Any CPU.Build.0 = Release|Any CPU
		{DBDBDAF4-A990-4438-AFA0-D8E210457DF6}.Debug|Any CPU.ActiveCfg = Debug|Any CPU
		{DBDBDAF4-A990-4438-AFA0-D8E210457DF6}.Debug|Any CPU.Build.0 = Debug|Any CPU
		{DBDBDAF4-A990-4438-AFA0-D8E210457DF6}.Release|Any CPU.ActiveCfg = Release|Any CPU
		{DBDBDAF4-A990-4438-AFA0-D8E210457DF6}.Release|Any CPU.Build.0 = Release|Any CPU
		{7DFC9345-F141-4CB5-BFE7-00657A2D9319}.Debug|Any CPU.ActiveCfg = Debug|Any CPU
		{7DFC9345-F141-4CB5-BFE7-00657A2D9319}.Debug|Any CPU.Build.0 = Debug|Any CPU
		{7DFC9345-F141-4CB5-BFE7-00657A2D9319}.Release|Any CPU.ActiveCfg = Release|Any CPU
		{7DFC9345-F141-4CB5-BFE7-00657A2D9319}.Release|Any CPU.Build.0 = Release|Any CPU
		{EB7BA82E-0BA9-4824-B964-3B258E044AF2}.Debug|Any CPU.ActiveCfg = Debug|Any CPU
		{EB7BA82E-0BA9-4824-B964-3B258E044AF2}.Debug|Any CPU.Build.0 = Debug|Any CPU
		{EB7BA82E-0BA9-4824-B964-3B258E044AF2}.Release|Any CPU.ActiveCfg = Release|Any CPU
		{EB7BA82E-0BA9-4824-B964-3B258E044AF2}.Release|Any CPU.Build.0 = Release|Any CPU
	EndGlobalSection
	GlobalSection(SolutionProperties) = preSolution
		HideSolutionNode = FALSE
	EndGlobalSection
	GlobalSection(ExtensibilityGlobals) = postSolution
		SolutionGuid = {7E4A38CC-E82A-4CF9-8A95-5CF8B7889590}
	EndGlobalSection
EndGlobal
